
Microsoft Visual Studio Solution File, Format Version 12.00
# Visual Studio Version 17
VisualStudioVersion = 17.4.33205.214
MinimumVisualStudioVersion = 10.0.40219.1
Project("{FAE04EC0-301F-11D3-BF4B-00C04F79EFBC}") = "Employee(Multiple Inheritance)", "Employee(Multiple Inheritance).csproj", "{7C898A90-486F-48D9-8BB5-C2CC98CABD9E}"
EndProject
Global
	GlobalSection(SolutionConfigurationPlatforms) = preSolution
		Debug|Any CPU = Debug|Any CPU
		Release|Any CPU = Release|Any CPU
	EndGlobalSection
	GlobalSection(ProjectConfigurationPlatforms) = postSolution
		{7C898A90-486F-48D9-8BB5-C2CC98CABD9E}.Debug|Any CPU.ActiveCfg = Debug|Any CPU
		{7C898A90-486F-48D9-8BB5-C2CC98CABD9E}.Debug|Any CPU.Build.0 = Debug|Any CPU
		{7C898A90-486F-48D9-8BB5-C2CC98CABD9E}.Release|Any CPU.ActiveCfg = Release|Any CPU
		{7C898A90-486F-48D9-8BB5-C2CC98CABD9E}.Release|Any CPU.Build.0 = Release|Any CPU
	EndGlobalSection
	GlobalSection(SolutionProperties) = preSolution
		HideSolutionNode = FALSE
	EndGlobalSection
	GlobalSection(ExtensibilityGlobals) = postSolution
		SolutionGuid = {C2017F89-4D5E-40DD-963D-A0EF47CC8496}
	EndGlobalSection
EndGlobal
