
Microsoft Visual Studio Solution File, Format Version 12.00
# Visual Studio Version 17
VisualStudioVersion = 17.4.33205.214
MinimumVisualStudioVersion = 10.0.40219.1
Project("{FAE04EC0-301F-11D3-BF4B-00C04F79EFBC}") = "Employee(Array Day 2)", "Employee(Array Day 2).csproj", "{434C02D0-8105-46E9-BE9C-0FFDC83D193B}"
EndProject
Global
	GlobalSection(SolutionConfigurationPlatforms) = preSolution
		Debug|Any CPU = Debug|Any CPU
		Release|Any CPU = Release|Any CPU
	EndGlobalSection
	GlobalSection(ProjectConfigurationPlatforms) = postSolution
		{434C02D0-8105-46E9-BE9C-0FFDC83D193B}.Debug|Any CPU.ActiveCfg = Debug|Any CPU
		{434C02D0-8105-46E9-BE9C-0FFDC83D193B}.Debug|Any CPU.Build.0 = Debug|Any CPU
		{434C02D0-8105-46E9-BE9C-0FFDC83D193B}.Release|Any CPU.ActiveCfg = Release|Any CPU
		{434C02D0-8105-46E9-BE9C-0FFDC83D193B}.Release|Any CPU.Build.0 = Release|Any CPU
	EndGlobalSection
	GlobalSection(SolutionProperties) = preSolution
		HideSolutionNode = FALSE
	EndGlobalSection
	GlobalSection(ExtensibilityGlobals) = postSolution
		SolutionGuid = {FC3FBBC7-E0E6-4A9F-BB74-9B54BE48F0A0}
	EndGlobalSection
EndGlobal
